<?xml version="1.0" encoding="utf-8"?>
<Project ToolsVersion="4.0" xmlns="http://schemas.microsoft.com/developer/msbuild/2003">
  <ItemGroup>
    <Filter Include="源文件">
      <UniqueIdentifier>{4FC737F1-C7A5-4376-A066-2A32D752A2FF}</UniqueIdentifier>
      <Extensions>cpp;c;cc;cxx;def;odl;idl;hpj;bat;asm;asmx</Extensions>
    </Filter>
    <Filter Include="头文件">
      <UniqueIdentifier>{93995380-89BD-4b04-88EB-625FBE52EBFB}</UniqueIdentifier>
      <Extensions>h;hh;hpp;hxx;hm;inl;inc;ipp;xsd</Extensions>
    </Filter>
    <Filter Include="资源文件">
      <UniqueIdentifier>{67DA6AB6-F800-4c08-8B7A-83BB121AAD01}</UniqueIdentifier>
      <Extensions>rc;ico;cur;bmp;dlg;rc2;rct;bin;rgs;gif;jpg;jpeg;jpe;resx;tiff;tif;png;wav;mfcribbon-ms</Extensions>
    </Filter>
  </ItemGroup>
  <ItemGroup>
    <ClCompile Include="..\..\Dep\g3dlib\G3D\AABox.cpp">
      <Filter>源文件</Filter>
    </ClCompile>
    <ClCompile Include="..\..\Dep\g3dlib\G3D\Any.cpp">
      <Filter>源文件</Filter>
    </ClCompile>
    <ClCompile Include="..\..\Dep\g3dlib\G3D\AnyVal.cpp">
      <Filter>源文件</Filter>
    </ClCompile>
    <ClCompile Include="..\..\Dep\g3dlib\G3D\AreaMemoryManager.cpp">
      <Filter>源文件</Filter>
    </ClCompile>
    <ClCompile Include="..\..\Dep\g3dlib\G3D\BinaryFormat.cpp">
      <Filter>源文件</Filter>
    </ClCompile>
    <ClCompile Include="..\..\Dep\g3dlib\G3D\BinaryInput.cpp">
      <Filter>源文件</Filter>
    </ClCompile>
    <ClCompile Include="..\..\Dep\g3dlib\G3D\BinaryOutput.cpp">
      <Filter>源文件</Filter>
    </ClCompile>
    <ClCompile Include="..\..\Dep\g3dlib\G3D\Box.cpp">
      <Filter>源文件</Filter>
    </ClCompile>
    <ClCompile Include="..\..\Dep\g3dlib\G3D\Box2D.cpp">
      <Filter>源文件</Filter>
    </ClCompile>
    <ClCompile Include="..\..\Dep\g3dlib\G3D\BumpMapPreprocess.cpp">
      <Filter>源文件</Filter>
    </ClCompile>
    <ClCompile Include="..\..\Dep\g3dlib\G3D\Capsule.cpp">
      <Filter>源文件</Filter>
    </ClCompile>
    <ClCompile Include="..\..\Dep\g3dlib\G3D\CollisionDetection.cpp">
      <Filter>源文件</Filter>
    </ClCompile>
    <ClCompile Include="..\..\Dep\g3dlib\G3D\Color1.cpp">
      <Filter>源文件</Filter>
    </ClCompile>
    <ClCompile Include="..\..\Dep\g3dlib\G3D\Color1uint8.cpp">
      <Filter>源文件</Filter>
    </ClCompile>
    <ClCompile Include="..\..\Dep\g3dlib\G3D\Color3.cpp">
      <Filter>源文件</Filter>
    </ClCompile>
    <ClCompile Include="..\..\Dep\g3dlib\G3D\Color3uint8.cpp">
      <Filter>源文件</Filter>
    </ClCompile>
    <ClCompile Include="..\..\Dep\g3dlib\G3D\Color4.cpp">
      <Filter>源文件</Filter>
    </ClCompile>
    <ClCompile Include="..\..\Dep\g3dlib\G3D\Color4uint8.cpp">
      <Filter>源文件</Filter>
    </ClCompile>
    <ClCompile Include="..\..\Dep\g3dlib\G3D\Cone.cpp">
      <Filter>源文件</Filter>
    </ClCompile>
    <ClCompile Include="..\..\Dep\g3dlib\G3D\constants.cpp">
      <Filter>源文件</Filter>
    </ClCompile>
    <ClCompile Include="..\..\Dep\g3dlib\G3D\ConvexPolyhedron.cpp">
      <Filter>源文件</Filter>
    </ClCompile>
    <ClCompile Include="..\..\Dep\g3dlib\G3D\CoordinateFrame.cpp">
      <Filter>源文件</Filter>
    </ClCompile>
    <ClCompile Include="..\..\Dep\g3dlib\G3D\Crypto.cpp">
      <Filter>源文件</Filter>
    </ClCompile>
    <ClCompile Include="..\..\Dep\g3dlib\G3D\Crypto_md5.cpp">
      <Filter>源文件</Filter>
    </ClCompile>
    <ClCompile Include="..\..\Dep\g3dlib\G3D\Cylinder.cpp">
      <Filter>源文件</Filter>
    </ClCompile>
    <ClCompile Include="..\..\Dep\g3dlib\G3D\debugAssert.cpp">
      <Filter>源文件</Filter>
    </ClCompile>
    <ClCompile Include="..\..\Dep\g3dlib\G3D\FileSystem.cpp">
      <Filter>源文件</Filter>
    </ClCompile>
    <ClCompile Include="..\..\Dep\g3dlib\G3D\fileutils.cpp">
      <Filter>源文件</Filter>
    </ClCompile>
    <ClCompile Include="..\..\Dep\g3dlib\G3D\filter.cpp">
      <Filter>源文件</Filter>
    </ClCompile>
    <ClCompile Include="..\..\Dep\g3dlib\G3D\format.cpp">
      <Filter>源文件</Filter>
    </ClCompile>
    <ClCompile Include="..\..\Dep\g3dlib\G3D\g3dfnmatch.cpp">
      <Filter>源文件</Filter>
    </ClCompile>
    <ClCompile Include="..\..\Dep\g3dlib\G3D\g3dmath.cpp">
      <Filter>源文件</Filter>
    </ClCompile>
    <ClCompile Include="..\..\Dep\g3dlib\G3D\GCamera.cpp">
      <Filter>源文件</Filter>
    </ClCompile>
    <ClCompile Include="..\..\Dep\g3dlib\G3D\GImage.cpp">
      <Filter>源文件</Filter>
    </ClCompile>
    <ClCompile Include="..\..\Dep\g3dlib\G3D\GImage_bayer.cpp">
      <Filter>源文件</Filter>
    </ClCompile>
    <ClCompile Include="..\..\Dep\g3dlib\G3D\GImage_bmp.cpp">
      <Filter>源文件</Filter>
    </ClCompile>
    <ClCompile Include="..\..\Dep\g3dlib\G3D\GImage_jpeg.cpp">
      <Filter>源文件</Filter>
    </ClCompile>
    <ClCompile Include="..\..\Dep\g3dlib\G3D\GImage_png.cpp">
      <Filter>源文件</Filter>
    </ClCompile>
    <ClCompile Include="..\..\Dep\g3dlib\G3D\GImage_ppm.cpp">
      <Filter>源文件</Filter>
    </ClCompile>
    <ClCompile Include="..\..\Dep\g3dlib\G3D\GImage_tga.cpp">
      <Filter>源文件</Filter>
    </ClCompile>
    <ClCompile Include="..\..\Dep\g3dlib\G3D\GLight.cpp">
      <Filter>源文件</Filter>
    </ClCompile>
    <ClCompile Include="..\..\Dep\g3dlib\G3D\GThread.cpp">
      <Filter>源文件</Filter>
    </ClCompile>
    <ClCompile Include="..\..\Dep\g3dlib\G3D\GUniqueID.cpp">
      <Filter>源文件</Filter>
    </ClCompile>
    <ClCompile Include="..\..\Dep\g3dlib\G3D\Image1.cpp">
      <Filter>源文件</Filter>
    </ClCompile>
    <ClCompile Include="..\..\Dep\g3dlib\G3D\Image1uint8.cpp">
      <Filter>源文件</Filter>
    </ClCompile>
    <ClCompile Include="..\..\Dep\g3dlib\G3D\Image3.cpp">
      <Filter>源文件</Filter>
    </ClCompile>
    <ClCompile Include="..\..\Dep\g3dlib\G3D\Image3uint8.cpp">
      <Filter>源文件</Filter>
    </ClCompile>
    <ClCompile Include="..\..\Dep\g3dlib\G3D\Image4.cpp">
      <Filter>源文件</Filter>
    </ClCompile>
    <ClCompile Include="..\..\Dep\g3dlib\G3D\Image4uint8.cpp">
      <Filter>源文件</Filter>
    </ClCompile>
    <ClCompile Include="..\..\Dep\g3dlib\G3D\ImageFormat.cpp">
      <Filter>源文件</Filter>
    </ClCompile>
    <ClCompile Include="..\..\Dep\g3dlib\G3D\ImageFormat_convert.cpp">
      <Filter>源文件</Filter>
    </ClCompile>
    <ClCompile Include="..\..\Dep\g3dlib\G3D\Intersect.cpp">
      <Filter>源文件</Filter>
    </ClCompile>
    <ClCompile Include="..\..\Dep\g3dlib\G3D\license.cpp">
      <Filter>源文件</Filter>
    </ClCompile>
    <ClCompile Include="..\..\Dep\g3dlib\G3D\Line.cpp">
      <Filter>源文件</Filter>
    </ClCompile>
    <ClCompile Include="..\..\Dep\g3dlib\G3D\LineSegment.cpp">
      <Filter>源文件</Filter>
    </ClCompile>
    <ClCompile Include="..\..\Dep\g3dlib\G3D\Log.cpp">
      <Filter>源文件</Filter>
    </ClCompile>
    <ClCompile Include="..\..\Dep\g3dlib\G3D\Matrix.cpp">
      <Filter>源文件</Filter>
    </ClCompile>
    <ClCompile Include="..\..\Dep\g3dlib\G3D\Matrix3.cpp">
      <Filter>源文件</Filter>
    </ClCompile>
    <ClCompile Include="..\..\Dep\g3dlib\G3D\Matrix4.cpp">
      <Filter>源文件</Filter>
    </ClCompile>
    <ClCompile Include="..\..\Dep\g3dlib\G3D\MemoryManager.cpp">
      <Filter>源文件</Filter>
    </ClCompile>
    <ClCompile Include="..\..\Dep\g3dlib\G3D\MeshAlg.cpp">
      <Filter>源文件</Filter>
    </ClCompile>
    <ClCompile Include="..\..\Dep\g3dlib\G3D\MeshAlgAdjacency.cpp">
      <Filter>源文件</Filter>
    </ClCompile>
    <ClCompile Include="..\..\Dep\g3dlib\G3D\MeshAlgWeld.cpp">
      <Filter>源文件</Filter>
    </ClCompile>
    <ClCompile Include="..\..\Dep\g3dlib\G3D\MeshBuilder.cpp">
      <Filter>源文件</Filter>
    </ClCompile>
    <ClCompile Include="..\..\Dep\g3dlib\G3D\NetAddress.cpp">
      <Filter>源文件</Filter>
    </ClCompile>
    <ClCompile Include="..\..\Dep\g3dlib\G3D\NetworkDevice.cpp">
      <Filter>源文件</Filter>
    </ClCompile>
    <ClCompile Include="..\..\Dep\g3dlib\G3D\PhysicsFrame.cpp">
      <Filter>源文件</Filter>
    </ClCompile>
    <ClCompile Include="..\..\Dep\g3dlib\G3D\PhysicsFrameSpline.cpp">
      <Filter>源文件</Filter>
    </ClCompile>
    <ClCompile Include="..\..\Dep\g3dlib\G3D\Plane.cpp">
      <Filter>源文件</Filter>
    </ClCompile>
    <ClCompile Include="..\..\Dep\g3dlib\G3D\PrecomputedRandom.cpp">
      <Filter>源文件</Filter>
    </ClCompile>
    <ClCompile Include="..\..\Dep\g3dlib\G3D\prompt.cpp">
      <Filter>源文件</Filter>
    </ClCompile>
    <ClCompile Include="..\..\Dep\g3dlib\G3D\Quat.cpp">
      <Filter>源文件</Filter>
    </ClCompile>
    <ClCompile Include="..\..\Dep\g3dlib\G3D\Random.cpp">
      <Filter>源文件</Filter>
    </ClCompile>
    <ClCompile Include="..\..\Dep\g3dlib\G3D\Ray.cpp">
      <Filter>源文件</Filter>
    </ClCompile>
    <ClCompile Include="..\..\Dep\g3dlib\G3D\Rect2D.cpp">
      <Filter>源文件</Filter>
    </ClCompile>
    <ClCompile Include="..\..\Dep\g3dlib\G3D\ReferenceCount.cpp">
      <Filter>源文件</Filter>
    </ClCompile>
    <ClCompile Include="..\..\Dep\g3dlib\G3D\RegistryUtil.cpp">
      <Filter>源文件</Filter>
    </ClCompile>
    <ClCompile Include="..\..\Dep\g3dlib\G3D\Sphere.cpp">
      <Filter>源文件</Filter>
    </ClCompile>
    <ClCompile Include="..\..\Dep\g3dlib\G3D\SplineBase.cpp">
      <Filter>源文件</Filter>
    </ClCompile>
    <ClCompile Include="..\..\Dep\g3dlib\G3D\Stopwatch.cpp">
      <Filter>源文件</Filter>
    </ClCompile>
    <ClCompile Include="..\..\Dep\g3dlib\G3D\stringutils.cpp">
      <Filter>源文件</Filter>
    </ClCompile>
    <ClCompile Include="..\..\Dep\g3dlib\G3D\System.cpp">
      <Filter>源文件</Filter>
    </ClCompile>
    <ClCompile Include="..\..\Dep\g3dlib\G3D\TextInput.cpp">
      <Filter>源文件</Filter>
    </ClCompile>
    <ClCompile Include="..\..\Dep\g3dlib\G3D\TextOutput.cpp">
      <Filter>源文件</Filter>
    </ClCompile>
    <ClCompile Include="..\..\Dep\g3dlib\G3D\ThreadSet.cpp">
      <Filter>源文件</Filter>
    </ClCompile>
    <ClCompile Include="..\..\Dep\g3dlib\G3D\Triangle.cpp">
      <Filter>源文件</Filter>
    </ClCompile>
    <ClCompile Include="..\..\Dep\g3dlib\G3D\uint128.cpp">
      <Filter>源文件</Filter>
    </ClCompile>
    <ClCompile Include="..\..\Dep\g3dlib\G3D\UprightFrame.cpp">
      <Filter>源文件</Filter>
    </ClCompile>
    <ClCompile Include="..\..\Dep\g3dlib\G3D\Vector2.cpp">
      <Filter>源文件</Filter>
    </ClCompile>
    <ClCompile Include="..\..\Dep\g3dlib\G3D\Vector2int16.cpp">
      <Filter>源文件</Filter>
    </ClCompile>
    <ClCompile Include="..\..\Dep\g3dlib\G3D\Vector3.cpp">
      <Filter>源文件</Filter>
    </ClCompile>
    <ClCompile Include="..\..\Dep\g3dlib\G3D\Vector3int16.cpp">
      <Filter>源文件</Filter>
    </ClCompile>
    <ClCompile Include="..\..\Dep\g3dlib\G3D\Vector3int32.cpp">
      <Filter>源文件</Filter>
    </ClCompile>
    <ClCompile Include="..\..\Dep\g3dlib\G3D\Vector4.cpp">
      <Filter>源文件</Filter>
    </ClCompile>
    <ClCompile Include="..\..\Dep\g3dlib\G3D\Vector4int8.cpp">
      <Filter>源文件</Filter>
    </ClCompile>
    <ClCompile Include="..\..\Dep\g3dlib\G3D\Welder.cpp">
      <Filter>源文件</Filter>
    </ClCompile>
    <ClCompile Include="..\..\Dep\g3dlib\G3D\WinMain.cpp">
      <Filter>源文件</Filter>
    </ClCompile>
    <ClCompile Include="..\..\Dep\g3dlib\G3D\XML.cpp">
      <Filter>源文件</Filter>
    </ClCompile>
  </ItemGroup>
  <ItemGroup>
    <ClInclude Include="..\..\Dep\g3dlib\G3D\AABox.h">
      <Filter>源文件</Filter>
    </ClInclude>
    <ClInclude Include="..\..\Dep\g3dlib\G3D\Any.h">
      <Filter>源文件</Filter>
    </ClInclude>
    <ClInclude Include="..\..\Dep\g3dlib\G3D\AnyVal.h">
      <Filter>源文件</Filter>
    </ClInclude>
    <ClInclude Include="..\..\Dep\g3dlib\G3D\AreaMemoryManager.h">
      <Filter>源文件</Filter>
    </ClInclude>
    <ClInclude Include="..\..\Dep\g3dlib\G3D\Array.h">
      <Filter>源文件</Filter>
    </ClInclude>
    <ClInclude Include="..\..\Dep\g3dlib\G3D\AtomicInt32.h">
      <Filter>源文件</Filter>
    </ClInclude>
    <ClInclude Include="..\..\Dep\g3dlib\G3D\BinaryFormat.h">
      <Filter>源文件</Filter>
    </ClInclude>
    <ClInclude Include="..\..\Dep\g3dlib\G3D\BinaryInput.h">
      <Filter>源文件</Filter>
    </ClInclude>
    <ClInclude Include="..\..\Dep\g3dlib\G3D\BinaryOutput.h">
      <Filter>源文件</Filter>
    </ClInclude>
    <ClInclude Include="..\..\Dep\g3dlib\G3D\BoundsTrait.h">
      <Filter>源文件</Filter>
    </ClInclude>
    <ClInclude Include="..\..\Dep\g3dlib\G3D\Box.h">
      <Filter>源文件</Filter>
    </ClInclude>
    <ClInclude Include="..\..\Dep\g3dlib\G3D\Box2D.h">
      <Filter>源文件</Filter>
    </ClInclude>
    <ClInclude Include="..\..\Dep\g3dlib\G3D\BumpMapPreprocess.h">
      <Filter>源文件</Filter>
    </ClInclude>
    <ClInclude Include="..\..\Dep\g3dlib\G3D\Capsule.h">
      <Filter>源文件</Filter>
    </ClInclude>
    <ClInclude Include="..\..\Dep\g3dlib\G3D\CollisionDetection.h">
      <Filter>源文件</Filter>
    </ClInclude>
    <ClInclude Include="..\..\Dep\g3dlib\G3D\Color1.h">
      <Filter>源文件</Filter>
    </ClInclude>
    <ClInclude Include="..\..\Dep\g3dlib\G3D\Color1uint8.h">
      <Filter>源文件</Filter>
    </ClInclude>
    <ClInclude Include="..\..\Dep\g3dlib\G3D\Color3.h">
      <Filter>源文件</Filter>
    </ClInclude>
    <ClInclude Include="..\..\Dep\g3dlib\G3D\Color3uint8.h">
      <Filter>源文件</Filter>
    </ClInclude>
    <ClInclude Include="..\..\Dep\g3dlib\G3D\Color4.h">
      <Filter>源文件</Filter>
    </ClInclude>
    <ClInclude Include="..\..\Dep\g3dlib\G3D\Color4uint8.h">
      <Filter>源文件</Filter>
    </ClInclude>
    <ClInclude Include="..\..\Dep\g3dlib\G3D\Cone.h">
      <Filter>源文件</Filter>
    </ClInclude>
    <ClInclude Include="..\..\Dep\g3dlib\G3D\constants.h">
      <Filter>源文件</Filter>
    </ClInclude>
    <ClInclude Include="..\..\Dep\g3dlib\G3D\ConvexPolyhedron.h">
      <Filter>源文件</Filter>
    </ClInclude>
    <ClInclude Include="..\..\Dep\g3dlib\G3D\CoordinateFrame.h">
      <Filter>源文件</Filter>
    </ClInclude>
    <ClInclude Include="..\..\Dep\g3dlib\G3D\Crypto.h">
      <Filter>源文件</Filter>
    </ClInclude>
    <ClInclude Include="..\..\Dep\g3dlib\G3D\Cylinder.h">
      <Filter>源文件</Filter>
    </ClInclude>
    <ClInclude Include="..\..\Dep\g3dlib\G3D\debug.h">
      <Filter>源文件</Filter>
    </ClInclude>
    <ClInclude Include="..\..\Dep\g3dlib\G3D\debugAssert.h">
      <Filter>源文件</Filter>
    </ClInclude>
    <ClInclude Include="..\..\Dep\g3dlib\G3D\debugPrintf.h">
      <Filter>源文件</Filter>
    </ClInclude>
    <ClInclude Include="..\..\Dep\g3dlib\G3D\enumclass.h">
      <Filter>源文件</Filter>
    </ClInclude>
    <ClInclude Include="..\..\Dep\g3dlib\G3D\EqualsTrait.h">
      <Filter>源文件</Filter>
    </ClInclude>
    <ClInclude Include="..\..\Dep\g3dlib\G3D\FileSystem.h">
      <Filter>源文件</Filter>
    </ClInclude>
    <ClInclude Include="..\..\Dep\g3dlib\G3D\fileutils.h">
      <Filter>源文件</Filter>
    </ClInclude>
    <ClInclude Include="..\..\Dep\g3dlib\G3D\filter.h">
      <Filter>源文件</Filter>
    </ClInclude>
    <ClInclude Include="..\..\Dep\g3dlib\G3D\format.h">
      <Filter>源文件</Filter>
    </ClInclude>
    <ClInclude Include="..\..\Dep\g3dlib\G3D\G3D.h">
      <Filter>源文件</Filter>
    </ClInclude>
    <ClInclude Include="..\..\Dep\g3dlib\G3D\G3DAll.h">
      <Filter>源文件</Filter>
    </ClInclude>
    <ClInclude Include="..\..\Dep\g3dlib\G3D\g3dfnmatch.h">
      <Filter>源文件</Filter>
    </ClInclude>
    <ClInclude Include="..\..\Dep\g3dlib\G3D\G3DGameUnits.h">
      <Filter>源文件</Filter>
    </ClInclude>
    <ClInclude Include="..\..\Dep\g3dlib\G3D\g3dmath.h">
      <Filter>源文件</Filter>
    </ClInclude>
    <ClInclude Include="..\..\Dep\g3dlib\G3D\GCamera.h">
      <Filter>源文件</Filter>
    </ClInclude>
    <ClInclude Include="..\..\Dep\g3dlib\G3D\GImage.h">
      <Filter>源文件</Filter>
    </ClInclude>
    <ClInclude Include="..\..\Dep\g3dlib\G3D\GLight.h">
      <Filter>源文件</Filter>
    </ClInclude>
    <ClInclude Include="..\..\Dep\g3dlib\G3D\GMutex.h">
      <Filter>源文件</Filter>
    </ClInclude>
    <ClInclude Include="..\..\Dep\g3dlib\G3D\GThread.h">
      <Filter>源文件</Filter>
    </ClInclude>
    <ClInclude Include="..\..\Dep\g3dlib\G3D\GUniqueID.h">
      <Filter>源文件</Filter>
    </ClInclude>
    <ClInclude Include="..\..\Dep\g3dlib\G3D\HashTrait.h">
      <Filter>源文件</Filter>
    </ClInclude>
    <ClInclude Include="..\..\Dep\g3dlib\G3D\Image1.h">
      <Filter>源文件</Filter>
    </ClInclude>
    <ClInclude Include="..\..\Dep\g3dlib\G3D\Image1uint8.h">
      <Filter>源文件</Filter>
    </ClInclude>
    <ClInclude Include="..\..\Dep\g3dlib\G3D\Image3.h">
      <Filter>源文件</Filter>
    </ClInclude>
    <ClInclude Include="..\..\Dep\g3dlib\G3D\Image3uint8.h">
      <Filter>源文件</Filter>
    </ClInclude>
    <ClInclude Include="..\..\Dep\g3dlib\G3D\Image4.h">
      <Filter>源文件</Filter>
    </ClInclude>
    <ClInclude Include="..\..\Dep\g3dlib\G3D\Image4uint8.h">
      <Filter>源文件</Filter>
    </ClInclude>
    <ClInclude Include="..\..\Dep\g3dlib\G3D\ImageFormat.h">
      <Filter>源文件</Filter>
    </ClInclude>
    <ClInclude Include="..\..\Dep\g3dlib\G3D\Intersect.h">
      <Filter>源文件</Filter>
    </ClInclude>
    <ClInclude Include="..\..\Dep\g3dlib\G3D\KDTree.h">
      <Filter>源文件</Filter>
    </ClInclude>
    <ClInclude Include="..\..\Dep\g3dlib\G3D\Line.h">
      <Filter>源文件</Filter>
    </ClInclude>
    <ClInclude Include="..\..\Dep\g3dlib\G3D\LineSegment.h">
      <Filter>源文件</Filter>
    </ClInclude>
    <ClInclude Include="..\..\Dep\g3dlib\G3D\Log.h">
      <Filter>源文件</Filter>
    </ClInclude>
    <ClInclude Include="..\..\Dep\g3dlib\G3D\Map2D.h">
      <Filter>源文件</Filter>
    </ClInclude>
    <ClInclude Include="..\..\Dep\g3dlib\G3D\Matrix.h">
      <Filter>源文件</Filter>
    </ClInclude>
    <ClInclude Include="..\..\Dep\g3dlib\G3D\Matrix2.h">
      <Filter>源文件</Filter>
    </ClInclude>
    <ClInclude Include="..\..\Dep\g3dlib\G3D\Matrix3.h">
      <Filter>源文件</Filter>
    </ClInclude>
    <ClInclude Include="..\..\Dep\g3dlib\G3D\Matrix4.h">
      <Filter>源文件</Filter>
    </ClInclude>
    <ClInclude Include="..\..\Dep\g3dlib\G3D\MemoryManager.h">
      <Filter>源文件</Filter>
    </ClInclude>
    <ClInclude Include="..\..\Dep\g3dlib\G3D\MeshAlg.h">
      <Filter>源文件</Filter>
    </ClInclude>
    <ClInclude Include="..\..\Dep\g3dlib\G3D\MeshBuilder.h">
      <Filter>源文件</Filter>
    </ClInclude>
    <ClInclude Include="..\..\Dep\g3dlib\G3D\NetAddress.h">
      <Filter>源文件</Filter>
    </ClInclude>
    <ClInclude Include="..\..\Dep\g3dlib\G3D\netheaders.h">
      <Filter>源文件</Filter>
    </ClInclude>
    <ClInclude Include="..\..\Dep\g3dlib\G3D\NetworkDevice.h">
      <Filter>源文件</Filter>
    </ClInclude>
    <ClInclude Include="..\..\Dep\g3dlib\G3D\networkHelpers.h">
      <Filter>源文件</Filter>
    </ClInclude>
    <ClInclude Include="..\..\Dep\g3dlib\G3D\ParseError.h">
      <Filter>源文件</Filter>
    </ClInclude>
    <ClInclude Include="..\..\Dep\g3dlib\G3D\PhysicsFrame.h">
      <Filter>源文件</Filter>
    </ClInclude>
    <ClInclude Include="..\..\Dep\g3dlib\G3D\PhysicsFrameSpline.h">
      <Filter>源文件</Filter>
    </ClInclude>
    <ClInclude Include="..\..\Dep\g3dlib\G3D\Plane.h">
      <Filter>源文件</Filter>
    </ClInclude>
    <ClInclude Include="..\..\Dep\g3dlib\G3D\platform.h">
      <Filter>源文件</Filter>
    </ClInclude>
    <ClInclude Include="..\..\Dep\g3dlib\G3D\Pointer.h">
      <Filter>源文件</Filter>
    </ClInclude>
    <ClInclude Include="..\..\Dep\g3dlib\G3D\PointHashGrid.h">
      <Filter>源文件</Filter>
    </ClInclude>
    <ClInclude Include="..\..\Dep\g3dlib\G3D\PointKDTree.h">
      <Filter>源文件</Filter>
    </ClInclude>
    <ClInclude Include="..\..\Dep\g3dlib\G3D\PositionTrait.h">
      <Filter>源文件</Filter>
    </ClInclude>
    <ClInclude Include="..\..\Dep\g3dlib\G3D\PrecomputedRandom.h">
      <Filter>源文件</Filter>
    </ClInclude>
    <ClInclude Include="..\..\Dep\g3dlib\G3D\prompt.h">
      <Filter>源文件</Filter>
    </ClInclude>
    <ClInclude Include="..\..\Dep\g3dlib\G3D\Quat.h">
      <Filter>源文件</Filter>
    </ClInclude>
    <ClInclude Include="..\..\Dep\g3dlib\G3D\Queue.h">
      <Filter>源文件</Filter>
    </ClInclude>
    <ClInclude Include="..\..\Dep\g3dlib\G3D\Random.h">
      <Filter>源文件</Filter>
    </ClInclude>
    <ClInclude Include="..\..\Dep\g3dlib\G3D\Ray.h">
      <Filter>源文件</Filter>
    </ClInclude>
    <ClInclude Include="..\..\Dep\g3dlib\G3D\Rect2D.h">
      <Filter>源文件</Filter>
    </ClInclude>
    <ClInclude Include="..\..\Dep\g3dlib\G3D\ReferenceCount.h">
      <Filter>源文件</Filter>
    </ClInclude>
    <ClInclude Include="..\..\Dep\g3dlib\G3D\RegistryUtil.h">
      <Filter>源文件</Filter>
    </ClInclude>
    <ClInclude Include="..\..\Dep\g3dlib\G3D\serialize.h">
      <Filter>源文件</Filter>
    </ClInclude>
    <ClInclude Include="..\..\Dep\g3dlib\G3D\Set.h">
      <Filter>源文件</Filter>
    </ClInclude>
    <ClInclude Include="..\..\Dep\g3dlib\G3D\SmallArray.h">
      <Filter>源文件</Filter>
    </ClInclude>
    <ClInclude Include="..\..\Dep\g3dlib\G3D\Sphere.h">
      <Filter>源文件</Filter>
    </ClInclude>
    <ClInclude Include="..\..\Dep\g3dlib\G3D\Spline.h">
      <Filter>源文件</Filter>
    </ClInclude>
    <ClInclude Include="..\..\Dep\g3dlib\G3D\splinefunc.h">
      <Filter>源文件</Filter>
    </ClInclude>
    <ClInclude Include="..\..\Dep\g3dlib\G3D\Stopwatch.h">
      <Filter>源文件</Filter>
    </ClInclude>
    <ClInclude Include="..\..\Dep\g3dlib\G3D\stringutils.h">
      <Filter>源文件</Filter>
    </ClInclude>
    <ClInclude Include="..\..\Dep\g3dlib\G3D\System.h">
      <Filter>源文件</Filter>
    </ClInclude>
    <ClInclude Include="..\..\Dep\g3dlib\G3D\Table.h">
      <Filter>源文件</Filter>
    </ClInclude>
    <ClInclude Include="..\..\Dep\g3dlib\G3D\TextInput.h">
      <Filter>源文件</Filter>
    </ClInclude>
    <ClInclude Include="..\..\Dep\g3dlib\G3D\TextOutput.h">
      <Filter>源文件</Filter>
    </ClInclude>
    <ClInclude Include="..\..\Dep\g3dlib\G3D\ThreadSet.h">
      <Filter>源文件</Filter>
    </ClInclude>
    <ClInclude Include="..\..\Dep\g3dlib\G3D\Triangle.h">
      <Filter>源文件</Filter>
    </ClInclude>
    <ClInclude Include="..\..\Dep\g3dlib\G3D\uint128.h">
      <Filter>源文件</Filter>
    </ClInclude>
    <ClInclude Include="..\..\Dep\g3dlib\G3D\units.h">
      <Filter>源文件</Filter>
    </ClInclude>
    <ClInclude Include="..\..\Dep\g3dlib\G3D\UprightFrame.h">
      <Filter>源文件</Filter>
    </ClInclude>
    <ClInclude Include="..\..\Dep\g3dlib\G3D\Vector2.h">
      <Filter>源文件</Filter>
    </ClInclude>
    <ClInclude Include="..\..\Dep\g3dlib\G3D\Vector2int16.h">
      <Filter>源文件</Filter>
    </ClInclude>
    <ClInclude Include="..\..\Dep\g3dlib\G3D\Vector3.h">
      <Filter>源文件</Filter>
    </ClInclude>
    <ClInclude Include="..\..\Dep\g3dlib\G3D\Vector3int16.h">
      <Filter>源文件</Filter>
    </ClInclude>
    <ClInclude Include="..\..\Dep\g3dlib\G3D\Vector3int32.h">
      <Filter>源文件</Filter>
    </ClInclude>
    <ClInclude Include="..\..\Dep\g3dlib\G3D\Vector4.h">
      <Filter>源文件</Filter>
    </ClInclude>
    <ClInclude Include="..\..\Dep\g3dlib\G3D\Vector4int8.h">
      <Filter>源文件</Filter>
    </ClInclude>
    <ClInclude Include="..\..\Dep\g3dlib\G3D\vectorMath.h">
      <Filter>源文件</Filter>
    </ClInclude>
    <ClInclude Include="..\..\Dep\g3dlib\G3D\WeakCache.h">
      <Filter>源文件</Filter>
    </ClInclude>
    <ClInclude Include="..\..\Dep\g3dlib\G3D\Welder.h">
      <Filter>源文件</Filter>
    </ClInclude>
    <ClInclude Include="..\..\Dep\g3dlib\G3D\WrapMode.h">
      <Filter>源文件</Filter>
    </ClInclude>
    <ClInclude Include="..\..\Dep\g3dlib\G3D\XML.h">
      <Filter>源文件</Filter>
    </ClInclude>
  </ItemGroup>
  <ItemGroup>
    <None Include="..\..\Dep\g3dlib\G3D\license.html">
      <Filter>源文件</Filter>
    </None>
  </ItemGroup>
</Project>