<?xml version="1.0" encoding="utf-8"?>
<Project ToolsVersion="4.0" xmlns="http://schemas.microsoft.com/developer/msbuild/2003">
  <ItemGroup>
    <Filter Include="源文件">
      <UniqueIdentifier>{4FC737F1-C7A5-4376-A066-2A32D752A2FF}</UniqueIdentifier>
      <Extensions>cpp;c;cc;cxx;def;odl;idl;hpj;bat;asm;asmx</Extensions>
    </Filter>
    <Filter Include="头文件">
      <UniqueIdentifier>{93995380-89BD-4b04-88EB-625FBE52EBFB}</UniqueIdentifier>
      <Extensions>h;hh;hpp;hxx;hm;inl;inc;ipp;xsd</Extensions>
    </Filter>
    <Filter Include="资源文件">
      <UniqueIdentifier>{67DA6AB6-F800-4c08-8B7A-83BB121AAD01}</UniqueIdentifier>
      <Extensions>rc;ico;cur;bmp;dlg;rc2;rct;bin;rgs;gif;jpg;jpeg;jpe;resx;tiff;tif;png;wav;mfcribbon-ms</Extensions>
    </Filter>
    <Filter Include="源文件\Asio">
      <UniqueIdentifier>{f6bf16be-5dac-42b2-a1e3-202bd8a3e1f5}</UniqueIdentifier>
    </Filter>
    <Filter Include="源文件\Common">
      <UniqueIdentifier>{68e520da-7e5d-4080-ad64-c3b54bd96df7}</UniqueIdentifier>
    </Filter>
    <Filter Include="源文件\Socket">
      <UniqueIdentifier>{19ea7cee-40d8-4ab4-afdb-6a8811488b36}</UniqueIdentifier>
    </Filter>
  </ItemGroup>
  <ItemGroup>
    <ClInclude Include="..\..\Network\Socket\WorldSocket.h">
      <Filter>源文件\Socket</Filter>
    </ClInclude>
    <ClInclude Include="..\..\Network\Socket\Session.h">
      <Filter>源文件\Socket</Filter>
    </ClInclude>
    <ClInclude Include="..\..\Network\Common\Common.h">
      <Filter>源文件\Common</Filter>
    </ClInclude>
    <ClInclude Include="..\..\Network\Socket\Client.h">
      <Filter>源文件\Socket</Filter>
    </ClInclude>
    <ClInclude Include="..\..\Network\Socket\SocketMgr.h">
      <Filter>源文件\Socket</Filter>
    </ClInclude>
    <ClInclude Include="..\..\Network\Socket\AsyncAcceptor.h">
      <Filter>源文件\Socket</Filter>
    </ClInclude>
    <ClInclude Include="..\..\Network\Socket\WorldSocketMgr.h">
      <Filter>源文件\Socket</Filter>
    </ClInclude>
    <ClInclude Include="..\..\Network\Socket\ClientSocketMgr.h">
      <Filter>源文件\Socket</Filter>
    </ClInclude>
    <ClInclude Include="..\..\Network\Socket\Opcode\Opcode.h">
      <Filter>源文件\Socket</Filter>
    </ClInclude>
    <ClInclude Include="..\..\Network\Socket\TCPSocket.h">
      <Filter>源文件\Socket</Filter>
    </ClInclude>
    <ClInclude Include="..\..\Network\Socket\UdpSocketServer.h">
      <Filter>源文件\Socket</Filter>
    </ClInclude>
    <ClInclude Include="..\..\Network\Socket\UdpSocketClient.h">
      <Filter>源文件\Socket</Filter>
    </ClInclude>
  </ItemGroup>
  <ItemGroup>
    <ClCompile Include="..\..\Network\Socket\WorldSocket.cpp">
      <Filter>源文件\Socket</Filter>
    </ClCompile>
    <ClCompile Include="..\..\Network\Socket\Session.cpp">
      <Filter>源文件\Socket</Filter>
    </ClCompile>
    <ClCompile Include="..\..\Network\Socket\Client.cpp">
      <Filter>源文件\Socket</Filter>
    </ClCompile>
    <ClCompile Include="..\..\Network\Socket\UdpSocket.cpp">
      <Filter>源文件</Filter>
    </ClCompile>
    <ClCompile Include="..\..\Network\Socket\UdpSocketServer.cpp">
      <Filter>源文件\Socket</Filter>
    </ClCompile>
    <ClCompile Include="..\..\Network\Socket\UdpSocketClient.cpp">
      <Filter>源文件\Socket</Filter>
    </ClCompile>
  </ItemGroup>
</Project>